// !$*UTF8*$!
{
	archiveVersion = 1;
	classes = {
	};
	objectVersion = 50;
	objects = {

/* Begin PBXBuildFile section */
		CD7DA676248E7B3900E6666C /* AppDelegate.swift in Sources */ = {isa = PBXBuildFile; fileRef = CD7DA675248E7B3900E6666C /* AppDelegate.swift */; };
		CD7DA678248E7B3900E6666C /* SceneDelegate.swift in Sources */ = {isa = PBXBuildFile; fileRef = CD7DA677248E7B3900E6666C /* SceneDelegate.swift */; };
		CD7DA67B248E7B3900E6666C /* ProvaOrder.xcdatamodeld in Sources */ = {isa = PBXBuildFile; fileRef = CD7DA679248E7B3900E6666C /* ProvaOrder.xcdatamodeld */; };
		CD7DA67D248E7B3900E6666C /* ContentView.swift in Sources */ = {isa = PBXBuildFile; fileRef = CD7DA67C248E7B3900E6666C /* ContentView.swift */; };
		CD7DA67F248E7B3C00E6666C /* Assets.xcassets in Resources */ = {isa = PBXBuildFile; fileRef = CD7DA67E248E7B3C00E6666C /* Assets.xcassets */; };
		CD7DA682248E7B3C00E6666C /* Preview Assets.xcassets in Resources */ = {isa = PBXBuildFile; fileRef = CD7DA681248E7B3C00E6666C /* Preview Assets.xcassets */; };
		CD7DA685248E7B3C00E6666C /* LaunchScreen.storyboard in Resources */ = {isa = PBXBuildFile; fileRef = CD7DA683248E7B3C00E6666C /* LaunchScreen.storyboard */; };
		CD7DA690248E7B6600E6666C /* Menu.swift in Sources */ = {isa = PBXBuildFile; fileRef = CD7DA68C248E7B6500E6666C /* Menu.swift */; };
		CD7DA691248E7B6600E6666C /* Order.swift in Sources */ = {isa = PBXBuildFile; fileRef = CD7DA68D248E7B6500E6666C /* Order.swift */; };
		CD7DA692248E7B6600E6666C /* menu.json in Resources */ = {isa = PBXBuildFile; fileRef = CD7DA68E248E7B6500E6666C /* menu.json */; };
		CD7DA693248E7B6600E6666C /* Helper.swift in Sources */ = {isa = PBXBuildFile; fileRef = CD7DA68F248E7B6500E6666C /* Helper.swift */; };
		CD7DA69C248E8AFF00E6666C /* HeaderView.swift in Sources */ = {isa = PBXBuildFile; fileRef = CD7DA697248E8AFE00E6666C /* HeaderView.swift */; };
		CD7DA69D248E8AFF00E6666C /* Home.swift in Sources */ = {isa = PBXBuildFile; fileRef = CD7DA698248E8AFE00E6666C /* Home.swift */; };
		CD7DA69E248E8AFF00E6666C /* RowNovitàView.swift in Sources */ = {isa = PBXBuildFile; fileRef = CD7DA699248E8AFF00E6666C /* RowNovitàView.swift */; };
		CD7DA69F248E8AFF00E6666C /* RowTrendingView.swift in Sources */ = {isa = PBXBuildFile; fileRef = CD7DA69A248E8AFF00E6666C /* RowTrendingView.swift */; };
		CD7DA6A0248E8AFF00E6666C /* LoyaltyCardView.swift in Sources */ = {isa = PBXBuildFile; fileRef = CD7DA69B248E8AFF00E6666C /* LoyaltyCardView.swift */; };
		CD7DA6A2248E8B1B00E6666C /* TabBar.swift in Sources */ = {isa = PBXBuildFile; fileRef = CD7DA6A1248E8B1B00E6666C /* TabBar.swift */; };
		CD7DA6A5248EC6BB00E6666C /* ItemRow.swift in Sources */ = {isa = PBXBuildFile; fileRef = CD7DA6A4248EC6BB00E6666C /* ItemRow.swift */; };
		CD9521A3248F936100E7DB5A /* ItemDetail.swift in Sources */ = {isa = PBXBuildFile; fileRef = CD9521A2248F936100E7DB5A /* ItemDetail.swift */; };
/* End PBXBuildFile section */

/* Begin PBXFileReference section */
		CD7DA672248E7B3900E6666C /* IKEAFood.app */ = {isa = PBXFileReference; explicitFileType = wrapper.application; includeInIndex = 0; path = IKEAFood.app; sourceTree = BUILT_PRODUCTS_DIR; };
		CD7DA675248E7B3900E6666C /* AppDelegate.swift */ = {isa = PBXFileReference; lastKnownFileType = sourcecode.swift; path = AppDelegate.swift; sourceTree = "<group>"; };
		CD7DA677248E7B3900E6666C /* SceneDelegate.swift */ = {isa = PBXFileReference; lastKnownFileType = sourcecode.swift; path = SceneDelegate.swift; sourceTree = "<group>"; };
		CD7DA67A248E7B3900E6666C /* ProvaOrder.xcdatamodel */ = {isa = PBXFileReference; lastKnownFileType = wrapper.xcdatamodel; path = ProvaOrder.xcdatamodel; sourceTree = "<group>"; };
		CD7DA67C248E7B3900E6666C /* ContentView.swift */ = {isa = PBXFileReference; lastKnownFileType = sourcecode.swift; path = ContentView.swift; sourceTree = "<group>"; };
		CD7DA67E248E7B3C00E6666C /* Assets.xcassets */ = {isa = PBXFileReference; lastKnownFileType = folder.assetcatalog; path = Assets.xcassets; sourceTree = "<group>"; };
		CD7DA681248E7B3C00E6666C /* Preview Assets.xcassets */ = {isa = PBXFileReference; lastKnownFileType = folder.assetcatalog; path = "Preview Assets.xcassets"; sourceTree = "<group>"; };
		CD7DA684248E7B3C00E6666C /* Base */ = {isa = PBXFileReference; lastKnownFileType = file.storyboard; name = Base; path = Base.lproj/LaunchScreen.storyboard; sourceTree = "<group>"; };
		CD7DA686248E7B3C00E6666C /* Info.plist */ = {isa = PBXFileReference; lastKnownFileType = text.plist.xml; path = Info.plist; sourceTree = "<group>"; };
		CD7DA68C248E7B6500E6666C /* Menu.swift */ = {isa = PBXFileReference; fileEncoding = 4; lastKnownFileType = sourcecode.swift; path = Menu.swift; sourceTree = "<group>"; };
		CD7DA68D248E7B6500E6666C /* Order.swift */ = {isa = PBXFileReference; fileEncoding = 4; lastKnownFileType = sourcecode.swift; path = Order.swift; sourceTree = "<group>"; };
		CD7DA68E248E7B6500E6666C /* menu.json */ = {isa = PBXFileReference; fileEncoding = 4; lastKnownFileType = text.json; path = menu.json; sourceTree = "<group>"; };
		CD7DA68F248E7B6500E6666C /* Helper.swift */ = {isa = PBXFileReference; fileEncoding = 4; lastKnownFileType = sourcecode.swift; path = Helper.swift; sourceTree = "<group>"; };
		CD7DA697248E8AFE00E6666C /* HeaderView.swift */ = {isa = PBXFileReference; fileEncoding = 4; lastKnownFileType = sourcecode.swift; path = HeaderView.swift; sourceTree = "<group>"; };
		CD7DA698248E8AFE00E6666C /* Home.swift */ = {isa = PBXFileReference; fileEncoding = 4; lastKnownFileType = sourcecode.swift; path = Home.swift; sourceTree = "<group>"; };
		CD7DA699248E8AFF00E6666C /* RowNovitàView.swift */ = {isa = PBXFileReference; fileEncoding = 4; lastKnownFileType = sourcecode.swift; path = "RowNovitàView.swift"; sourceTree = "<group>"; };
		CD7DA69A248E8AFF00E6666C /* RowTrendingView.swift */ = {isa = PBXFileReference; fileEncoding = 4; lastKnownFileType = sourcecode.swift; path = RowTrendingView.swift; sourceTree = "<group>"; };
		CD7DA69B248E8AFF00E6666C /* LoyaltyCardView.swift */ = {isa = PBXFileReference; fileEncoding = 4; lastKnownFileType = sourcecode.swift; path = LoyaltyCardView.swift; sourceTree = "<group>"; };
		CD7DA6A1248E8B1B00E6666C /* TabBar.swift */ = {isa = PBXFileReference; fileEncoding = 4; lastKnownFileType = sourcecode.swift; path = TabBar.swift; sourceTree = "<group>"; };
		CD7DA6A4248EC6BB00E6666C /* ItemRow.swift */ = {isa = PBXFileReference; lastKnownFileType = sourcecode.swift; path = ItemRow.swift; sourceTree = "<group>"; };
		CD9521A2248F936100E7DB5A /* ItemDetail.swift */ = {isa = PBXFileReference; lastKnownFileType = sourcecode.swift; path = ItemDetail.swift; sourceTree = "<group>"; };
/* End PBXFileReference section */

/* Begin PBXFrameworksBuildPhase section */
		CD7DA66F248E7B3900E6666C /* Frameworks */ = {
			isa = PBXFrameworksBuildPhase;
			buildActionMask = 2147483647;
			files = (
			);
			runOnlyForDeploymentPostprocessing = 0;
		};
/* End PBXFrameworksBuildPhase section */

/* Begin PBXGroup section */
		CD7DA669248E7B3900E6666C = {
			isa = PBXGroup;
			children = (
				CD7DA674248E7B3900E6666C /* ProvaOrder */,
				CD7DA673248E7B3900E6666C /* Products */,
			);
			sourceTree = "<group>";
		};
		CD7DA673248E7B3900E6666C /* Products */ = {
			isa = PBXGroup;
			children = (
				CD7DA672248E7B3900E6666C /* IKEAFood.app */,
			);
			name = Products;
			sourceTree = "<group>";
		};
		CD7DA674248E7B3900E6666C /* ProvaOrder */ = {
			isa = PBXGroup;
			children = (
				CD7DA675248E7B3900E6666C /* AppDelegate.swift */,
				CD7DA677248E7B3900E6666C /* SceneDelegate.swift */,
				CD7DA695248E8A9E00E6666C /* View */,
				CD7DA68E248E7B6500E6666C /* menu.json */,
				CD7DA68F248E7B6500E6666C /* Helper.swift */,
				CD7DA694248E889600E6666C /* Model */,
				CD7DA67E248E7B3C00E6666C /* Assets.xcassets */,
				CD7DA683248E7B3C00E6666C /* LaunchScreen.storyboard */,
				CD7DA686248E7B3C00E6666C /* Info.plist */,
				CD7DA679248E7B3900E6666C /* ProvaOrder.xcdatamodeld */,
				CD7DA680248E7B3C00E6666C /* Preview Content */,
			);
			path = ProvaOrder;
			sourceTree = "<group>";
		};
		CD7DA680248E7B3C00E6666C /* Preview Content */ = {
			isa = PBXGroup;
			children = (
				CD7DA681248E7B3C00E6666C /* Preview Assets.xcassets */,
			);
			path = "Preview Content";
			sourceTree = "<group>";
		};
		CD7DA694248E889600E6666C /* Model */ = {
			isa = PBXGroup;
			children = (
				CD7DA68C248E7B6500E6666C /* Menu.swift */,
				CD7DA68D248E7B6500E6666C /* Order.swift */,
			);
			path = Model;
			sourceTree = "<group>";
		};
		CD7DA695248E8A9E00E6666C /* View */ = {
			isa = PBXGroup;
			children = (
				CD7DA6A1248E8B1B00E6666C /* TabBar.swift */,
				CD7DA6A3248EC6AB00E6666C /* Menu */,
				CD7DA696248E8AEF00E6666C /* Home */,
			);
			path = View;
			sourceTree = "<group>";
		};
		CD7DA696248E8AEF00E6666C /* Home */ = {
			isa = PBXGroup;
			children = (
				CD7DA697248E8AFE00E6666C /* HeaderView.swift */,
				CD7DA698248E8AFE00E6666C /* Home.swift */,
				CD7DA69B248E8AFF00E6666C /* LoyaltyCardView.swift */,
				CD7DA699248E8AFF00E6666C /* RowNovitàView.swift */,
				CD7DA69A248E8AFF00E6666C /* RowTrendingView.swift */,
			);
			path = Home;
			sourceTree = "<group>";
		};
		CD7DA6A3248EC6AB00E6666C /* Menu */ = {
			isa = PBXGroup;
			children = (
				CD7DA67C248E7B3900E6666C /* ContentView.swift */,
				CD7DA6A4248EC6BB00E6666C /* ItemRow.swift */,
				CD9521A2248F936100E7DB5A /* ItemDetail.swift */,
			);
			path = Menu;
			sourceTree = "<group>";
		};
/* End PBXGroup section */

/* Begin PBXNativeTarget section */
		CD7DA671248E7B3900E6666C /* ProvaOrder */ = {
			isa = PBXNativeTarget;
			buildConfigurationList = CD7DA689248E7B3C00E6666C /* Build configuration list for PBXNativeTarget "ProvaOrder" */;
			buildPhases = (
				CD7DA66E248E7B3900E6666C /* Sources */,
				CD7DA66F248E7B3900E6666C /* Frameworks */,
				CD7DA670248E7B3900E6666C /* Resources */,
			);
			buildRules = (
			);
			dependencies = (
			);
			name = ProvaOrder;
			productName = ProvaOrder;
			productReference = CD7DA672248E7B3900E6666C /* IKEAFood.app */;
			productType = "com.apple.product-type.application";
		};
/* End PBXNativeTarget section */

/* Begin PBXProject section */
		CD7DA66A248E7B3900E6666C /* Project object */ = {
			isa = PBXProject;
			attributes = {
				LastSwiftUpdateCheck = 1150;
				LastUpgradeCheck = 1150;
				ORGANIZATIONNAME = "Romesh Singhabahu";
				TargetAttributes = {
					CD7DA671248E7B3900E6666C = {
						CreatedOnToolsVersion = 11.5;
					};
				};
			};
			buildConfigurationList = CD7DA66D248E7B3900E6666C /* Build configuration list for PBXProject "ProvaOrder" */;
			compatibilityVersion = "Xcode 9.3";
			developmentRegion = en;
			hasScannedForEncodings = 0;
			knownRegions = (
				en,
				Base,
			);
			mainGroup = CD7DA669248E7B3900E6666C;
			productRefGroup = CD7DA673248E7B3900E6666C /* Products */;
			projectDirPath = "";
			projectRoot = "";
			targets = (
				CD7DA671248E7B3900E6666C /* ProvaOrder */,
			);
		};
/* End PBXProject section */

/* Begin PBXResourcesBuildPhase section */
		CD7DA670248E7B3900E6666C /* Resources */ = {
			isa = PBXResourcesBuildPhase;
			buildActionMask = 2147483647;
			files = (
				CD7DA685248E7B3C00E6666C /* LaunchScreen.storyboard in Resources */,
				CD7DA682248E7B3C00E6666C /* Preview Assets.xcassets in Resources */,
				CD7DA692248E7B6600E6666C /* menu.json in Resources */,
				CD7DA67F248E7B3C00E6666C /* Assets.xcassets in Resources */,
			);
			runOnlyForDeploymentPostprocessing = 0;
		};
/* End PBXResourcesBuildPhase section */

/* Begin PBXSourcesBuildPhase section */
		CD7DA66E248E7B3900E6666C /* Sources */ = {
			isa = PBXSourcesBuildPhase;
			buildActionMask = 2147483647;
			files = (
				CD7DA691248E7B6600E6666C /* Order.swift in Sources */,
				CD7DA693248E7B6600E6666C /* Helper.swift in Sources */,
				CD7DA676248E7B3900E6666C /* AppDelegate.swift in Sources */,
				CD7DA6A5248EC6BB00E6666C /* ItemRow.swift in Sources */,
				CD7DA67B248E7B3900E6666C /* ProvaOrder.xcdatamodeld in Sources */,
				CD7DA69D248E8AFF00E6666C /* Home.swift in Sources */,
				CD7DA69E248E8AFF00E6666C /* RowNovitàView.swift in Sources */,
				CD7DA69F248E8AFF00E6666C /* RowTrendingView.swift in Sources */,
				CD7DA67D248E7B3900E6666C /* ContentView.swift in Sources */,
				CD7DA678248E7B3900E6666C /* SceneDelegate.swift in Sources */,
				CD7DA6A2248E8B1B00E6666C /* TabBar.swift in Sources */,
				CD7DA690248E7B6600E6666C /* Menu.swift in Sources */,
				CD7DA69C248E8AFF00E6666C /* HeaderView.swift in Sources */,
				CD9521A3248F936100E7DB5A /* ItemDetail.swift in Sources */,
				CD7DA6A0248E8AFF00E6666C /* LoyaltyCardView.swift in Sources */,
			);
			runOnlyForDeploymentPostprocessing = 0;
		};
/* End PBXSourcesBuildPhase section */

/* Begin PBXVariantGroup section */
		CD7DA683248E7B3C00E6666C /* LaunchScreen.storyboard */ = {
			isa = PBXVariantGroup;
			children = (
				CD7DA684248E7B3C00E6666C /* Base */,
			);
			name = LaunchScreen.storyboard;
			sourceTree = "<group>";
		};
/* End PBXVariantGroup section */

/* Begin XCBuildConfiguration section */
		CD7DA687248E7B3C00E6666C /* Debug */ = {
			isa = XCBuildConfiguration;
			buildSettings = {
				ALWAYS_SEARCH_USER_PATHS = NO;
				CLANG_ANALYZER_NONNULL = YES;
				CLANG_ANALYZER_NUMBER_OBJECT_CONVERSION = YES_AGGRESSIVE;
				CLANG_CXX_LANGUAGE_STANDARD = "gnu++14";
				CLANG_CXX_LIBRARY = "libc++";
				CLANG_ENABLE_MODULES = YES;
				CLANG_ENABLE_OBJC_ARC = YES;
				CLANG_ENABLE_OBJC_WEAK = YES;
				CLANG_WARN_BLOCK_CAPTURE_AUTORELEASING = YES;
				CLANG_WARN_BOOL_CONVERSION = YES;
				CLANG_WARN_COMMA = YES;
				CLANG_WARN_CONSTANT_CONVERSION = YES;
				CLANG_WARN_DEPRECATED_OBJC_IMPLEMENTATIONS = YES;
				CLANG_WARN_DIRECT_OBJC_ISA_USAGE = YES_ERROR;
				CLANG_WARN_DOCUMENTATION_COMMENTS = YES;
				CLANG_WARN_EMPTY_BODY = YES;
				CLANG_WARN_ENUM_CONVERSION = YES;
				CLANG_WARN_INFINITE_RECURSION = YES;
				CLANG_WARN_INT_CONVERSION = YES;
				CLANG_WARN_NON_LITERAL_NULL_CONVERSION = YES;
				CLANG_WARN_OBJC_IMPLICIT_RETAIN_SELF = YES;
				CLANG_WARN_OBJC_LITERAL_CONVERSION = YES;
				CLANG_WARN_OBJC_ROOT_CLASS = YES_ERROR;
				CLANG_WARN_RANGE_LOOP_ANALYSIS = YES;
				CLANG_WARN_STRICT_PROTOTYPES = YES;
				CLANG_WARN_SUSPICIOUS_MOVE = YES;
				CLANG_WARN_UNGUARDED_AVAILABILITY = YES_AGGRESSIVE;
				CLANG_WARN_UNREACHABLE_CODE = YES;
				CLANG_WARN__DUPLICATE_METHOD_MATCH = YES;
				COPY_PHASE_STRIP = NO;
				DEBUG_INFORMATION_FORMAT = dwarf;
				ENABLE_STRICT_OBJC_MSGSEND = YES;
				ENABLE_TESTABILITY = YES;
				GCC_C_LANGUAGE_STANDARD = gnu11;
				GCC_DYNAMIC_NO_PIC = NO;
				GCC_NO_COMMON_BLOCKS = YES;
				GCC_OPTIMIZATION_LEVEL = 0;
				GCC_PREPROCESSOR_DEFINITIONS = (
					"DEBUG=1",
					"$(inherited)",
				);
				GCC_WARN_64_TO_32_BIT_CONVERSION = YES;
				GCC_WARN_ABOUT_RETURN_TYPE = YES_ERROR;
				GCC_WARN_UNDECLARED_SELECTOR = YES;
				GCC_WARN_UNINITIALIZED_AUTOS = YES_AGGRESSIVE;
				GCC_WARN_UNUSED_FUNCTION = YES;
				GCC_WARN_UNUSED_VARIABLE = YES;
				IPHONEOS_DEPLOYMENT_TARGET = 13.5;
				MTL_ENABLE_DEBUG_INFO = INCLUDE_SOURCE;
				MTL_FAST_MATH = YES;
				ONLY_ACTIVE_ARCH = YES;
				SDKROOT = iphoneos;
				SWIFT_ACTIVE_COMPILATION_CONDITIONS = DEBUG;
				SWIFT_OPTIMIZATION_LEVEL = "-Onone";
			};
			name = Debug;
		};
		CD7DA688248E7B3C00E6666C /* Release */ = {
			isa = XCBuildConfiguration;
			buildSettings = {
				ALWAYS_SEARCH_USER_PATHS = NO;
				CLANG_ANALYZER_NONNULL = YES;
				CLANG_ANALYZER_NUMBER_OBJECT_CONVERSION = YES_AGGRESSIVE;
				CLANG_CXX_LANGUAGE_STANDARD = "gnu++14";
				CLANG_CXX_LIBRARY = "libc++";
				CLANG_ENABLE_MODULES = YES;
				CLANG_ENABLE_OBJC_ARC = YES;
				CLANG_ENABLE_OBJC_WEAK = YES;
				CLANG_WARN_BLOCK_CAPTURE_AUTORELEASING = YES;
				CLANG_WARN_BOOL_CONVERSION = YES;
				CLANG_WARN_COMMA = YES;
				CLANG_WARN_CONSTANT_CONVERSION = YES;
				CLANG_WARN_DEPRECATED_OBJC_IMPLEMENTATIONS = YES;
				CLANG_WARN_DIRECT_OBJC_ISA_USAGE = YES_ERROR;
				CLANG_WARN_DOCUMENTATION_COMMENTS = YES;
				CLANG_WARN_EMPTY_BODY = YES;
				CLANG_WARN_ENUM_CONVERSION = YES;
				CLANG_WARN_INFINITE_RECURSION = YES;
				CLANG_WARN_INT_CONVERSION = YES;
				CLANG_WARN_NON_LITERAL_NULL_CONVERSION = YES;
				CLANG_WARN_OBJC_IMPLICIT_RETAIN_SELF = YES;
				CLANG_WARN_OBJC_LITERAL_CONVERSION = YES;
				CLANG_WARN_OBJC_ROOT_CLASS = YES_ERROR;
				CLANG_WARN_RANGE_LOOP_ANALYSIS = YES;
				CLANG_WARN_STRICT_PROTOTYPES = YES;
				CLANG_WARN_SUSPICIOUS_MOVE = YES;
				CLANG_WARN_UNGUARDED_AVAILABILITY = YES_AGGRESSIVE;
				CLANG_WARN_UNREACHABLE_CODE = YES;
				CLANG_WARN__DUPLICATE_METHOD_MATCH = YES;
				COPY_PHASE_STRIP = NO;
				DEBUG_INFORMATION_FORMAT = "dwarf-with-dsym";
				ENABLE_NS_ASSERTIONS = NO;
				ENABLE_STRICT_OBJC_MSGSEND = YES;
				GCC_C_LANGUAGE_STANDARD = gnu11;
				GCC_NO_COMMON_BLOCKS = YES;
				GCC_WARN_64_TO_32_BIT_CONVERSION = YES;
				GCC_WARN_ABOUT_RETURN_TYPE = YES_ERROR;
				GCC_WARN_UNDECLARED_SELECTOR = YES;
				GCC_WARN_UNINITIALIZED_AUTOS = YES_AGGRESSIVE;
				GCC_WARN_UNUSED_FUNCTION = YES;
				GCC_WARN_UNUSED_VARIABLE = YES;
				IPHONEOS_DEPLOYMENT_TARGET = 13.5;
				MTL_ENABLE_DEBUG_INFO = NO;
				MTL_FAST_MATH = YES;
				SDKROOT = iphoneos;
				SWIFT_COMPILATION_MODE = wholemodule;
				SWIFT_OPTIMIZATION_LEVEL = "-O";
				VALIDATE_PRODUCT = YES;
			};
			name = Release;
		};
		CD7DA68A248E7B3C00E6666C /* Debug */ = {
			isa = XCBuildConfiguration;
			buildSettings = {
				ASSETCATALOG_COMPILER_APPICON_NAME = AppIcon;
				CODE_SIGN_STYLE = Automatic;
				DEVELOPMENT_ASSET_PATHS = "\"ProvaOrder/Preview Content\"";
				DEVELOPMENT_TEAM = 72NYN8P4E4;
				ENABLE_PREVIEWS = YES;
				INFOPLIST_FILE = ProvaOrder/Info.plist;
				LD_RUNPATH_SEARCH_PATHS = (
					"$(inherited)",
					"@executable_path/Frameworks",
				);
				PRODUCT_BUNDLE_IDENTIFIER = romeshsinghabahu.ProvaOrder;
				PRODUCT_NAME = IKEAFood;
				SWIFT_VERSION = 5.0;
				TARGETED_DEVICE_FAMILY = "1,2";
			};
			name = Debug;
		};
		CD7DA68B248E7B3C00E6666C /* Release */ = {
			isa = XCBuildConfiguration;
			buildSettings = {
				ASSETCATALOG_COMPILER_APPICON_NAME = AppIcon;
				CODE_SIGN_STYLE = Automatic;
				DEVELOPMENT_ASSET_PATHS = "\"ProvaOrder/Preview Content\"";
				DEVELOPMENT_TEAM = 72NYN8P4E4;
				ENABLE_PREVIEWS = YES;
				INFOPLIST_FILE = ProvaOrder/Info.plist;
				LD_RUNPATH_SEARCH_PATHS = (
					"$(inherited)",
					"@executable_path/Frameworks",
				);
				PRODUCT_BUNDLE_IDENTIFIER = romeshsinghabahu.ProvaOrder;
				PRODUCT_NAME = IKEAFood;
				SWIFT_VERSION = 5.0;
				TARGETED_DEVICE_FAMILY = "1,2";
			};
			name = Release;
		};
/* End XCBuildConfiguration section */

/* Begin XCConfigurationList section */
		CD7DA66D248E7B3900E6666C /* Build configuration list for PBXProject "ProvaOrder" */ = {
			isa = XCConfigurationList;
			buildConfigurations = (
				CD7DA687248E7B3C00E6666C /* Debug */,
				CD7DA688248E7B3C00E6666C /* Release */,
			);
			defaultConfigurationIsVisible = 0;
			defaultConfigurationName = Release;
		};
		CD7DA689248E7B3C00E6666C /* Build configuration list for PBXNativeTarget "ProvaOrder" */ = {
			isa = XCConfigurationList;
			buildConfigurations = (
				CD7DA68A248E7B3C00E6666C /* Debug */,
				CD7DA68B248E7B3C00E6666C /* Release */,
			);
			defaultConfigurationIsVisible = 0;
			defaultConfigurationName = Release;
		};
/* End XCConfigurationList section */

/* Begin XCVersionGroup section */
		CD7DA679248E7B3900E6666C /* ProvaOrder.xcdatamodeld */ = {
			isa = XCVersionGroup;
			children = (
				CD7DA67A248E7B3900E6666C /* ProvaOrder.xcdatamodel */,
			);
			currentVersion = CD7DA67A248E7B3900E6666C /* ProvaOrder.xcdatamodel */;
			path = ProvaOrder.xcdatamodeld;
			sourceTree = "<group>";
			versionGroupType = wrapper.xcdatamodel;
		};
/* End XCVersionGroup section */
	};
	rootObject = CD7DA66A248E7B3900E6666C /* Project object */;
}
